{
  "requires": true,
  "lockfileVersion": 1,
  "dependencies": {
    "@ng-bootstrap/ng-bootstrap": {
      "version": "2.2.1",
      "resolved": "https://registry.npmjs.org/@ng-bootstrap/ng-bootstrap/-/ng-bootstrap-2.2.1.tgz",
      "integrity": "sha512-4Rh9rHiErWHczmA6Shn6r8EWvqI54SBOCLoA82hMf3uDM0Ejv/agIY+JBBvM+/53Di4i6scmAQV5/2dsgId+Ow=="
    }
  }
}
